
Microsoft Visual Studio Solution File, Format Version 12.00
# Visual Studio 15
VisualStudioVersion = 15.0.27703.2035
MinimumVisualStudioVersion = 10.0.40219.1
Project("{9A19103F-16F7-4668-BE54-9A1E7A4F7556}") = "ContactCare", "ContactCare\ContactCare.csproj", "{90326E22-B989-4265-BF3B-335A7E59A34A}"
EndProject
Global
	GlobalSection(SolutionConfigurationPlatforms) = preSolution
		Debug|Any CPU = Debug|Any CPU
		Release|Any CPU = Release|Any CPU
	EndGlobalSection
	GlobalSection(ProjectConfigurationPlatforms) = postSolution
		{90326E22-B989-4265-BF3B-335A7E59A34A}.Debug|Any CPU.ActiveCfg = Debug|Any CPU
		{90326E22-B989-4265-BF3B-335A7E59A34A}.Debug|Any CPU.Build.0 = Debug|Any CPU
		{90326E22-B989-4265-BF3B-335A7E59A34A}.Release|Any CPU.ActiveCfg = Release|Any CPU
		{90326E22-B989-4265-BF3B-335A7E59A34A}.Release|Any CPU.Build.0 = Release|Any CPU
	EndGlobalSection
	GlobalSection(SolutionProperties) = preSolution
		HideSolutionNode = FALSE
	EndGlobalSection
	GlobalSection(ExtensibilityGlobals) = postSolution
		SolutionGuid = {F025F8D3-3753-4A07-B304-D2674954C334}
	EndGlobalSection
EndGlobal
